{
  "name": "portfolio",
  "version": "1.0.0",
  "lockfileVersion": 1,
  "requires": true,
  "dependencies": {
    "spanning-css-polyfill": {
      "version": "1.0.12",
      "resolved": "https://registry.npmjs.org/spanning-css-polyfill/-/spanning-css-polyfill-1.0.12.tgz",
      "integrity": "sha512-VQjo8P1XTmDMbjlblWSi2dcQKycugVwJe186tDYC9aAoab09lMOSAQZfcAt4E/4OXAQ+ouTVeU7Wjd/TuDHeSg==",
      "requires": {
        "windowsegments-polyfill": "^1.0.1"
      }
    },
    "windowsegments-polyfill": {
      "version": "1.0.1",
      "resolved": "https://registry.npmjs.org/windowsegments-polyfill/-/windowsegments-polyfill-1.0.1.tgz",
      "integrity": "sha512-ekisuyVYLZQxirAXRO2ocj09tp8kE2K4y47sOpSySHcKs8oP+SDAJm7SaRVY/eD+sDQP92/6JD5r7VladkGICw=="
    }
  }
}
